
Microsoft Visual Studio Solution File, Format Version 12.00
# Visual Studio Version 16
VisualStudioVersion = 16.0.30503.244
MinimumVisualStudioVersion = 10.0.40219.1
Project("{FAE04EC0-301F-11D3-BF4B-00C04F79EFBC}") = "Generic", "Generic\Generic.csproj", "{FE2E526B-4BF8-4479-B66E-A16B7FFE310D}"
EndProject
Global
	GlobalSection(SolutionConfigurationPlatforms) = preSolution
		Debug|Any CPU = Debug|Any CPU
		Release|Any CPU = Release|Any CPU
	EndGlobalSection
	GlobalSection(ProjectConfigurationPlatforms) = postSolution
		{FE2E526B-4BF8-4479-B66E-A16B7FFE310D}.Debug|Any CPU.ActiveCfg = Debug|Any CPU
		{FE2E526B-4BF8-4479-B66E-A16B7FFE310D}.Debug|Any CPU.Build.0 = Debug|Any CPU
		{FE2E526B-4BF8-4479-B66E-A16B7FFE310D}.Release|Any CPU.ActiveCfg = Release|Any CPU
		{FE2E526B-4BF8-4479-B66E-A16B7FFE310D}.Release|Any CPU.Build.0 = Release|Any CPU
	EndGlobalSection
	GlobalSection(SolutionProperties) = preSolution
		HideSolutionNode = FALSE
	EndGlobalSection
	GlobalSection(ExtensibilityGlobals) = postSolution
		SolutionGuid = {4637CB72-58BC-4EEB-B69A-39FB06A04DFF}
	EndGlobalSection
EndGlobal
